// !$*UTF8*$!
{
	archiveVersion = 1;
	classes = {
	};
	objectVersion = 46;
	objects = {

/* Begin PBXBuildFile section */
		3341A97D1976FA2600F680FB /* Foundation.framework in Frameworks */ = {isa = PBXBuildFile; fileRef = 3341A97C1976FA2600F680FB /* Foundation.framework */; };
		3341A97F1976FA2600F680FB /* CoreGraphics.framework in Frameworks */ = {isa = PBXBuildFile; fileRef = 3341A97E1976FA2600F680FB /* CoreGraphics.framework */; };
		3341A9811976FA2700F680FB /* UIKit.framework in Frameworks */ = {isa = PBXBuildFile; fileRef = 3341A9801976FA2700F680FB /* UIKit.framework */; };
		3341A9871976FA2700F680FB /* InfoPlist.strings in Resources */ = {isa = PBXBuildFile; fileRef = 3341A9851976FA2700F680FB /* InfoPlist.strings */; };
		3341A9891976FA2700F680FB /* main.m in Sources */ = {isa = PBXBuildFile; fileRef = 3341A9881976FA2700F680FB /* main.m */; };
		3341A98D1976FA2700F680FB /* AppDelegate.m in Sources */ = {isa = PBXBuildFile; fileRef = 3341A98C1976FA2700F680FB /* AppDelegate.m */; };
		3341A9901976FA2700F680FB /* Main.storyboard in Resources */ = {isa = PBXBuildFile; fileRef = 3341A98E1976FA2700F680FB /* Main.storyboard */; };
		3341A9931976FA2700F680FB /* MasterViewController.m in Sources */ = {isa = PBXBuildFile; fileRef = 3341A9921976FA2700F680FB /* MasterViewController.m */; };
		3341A9961976FA2700F680FB /* DetailViewController.m in Sources */ = {isa = PBXBuildFile; fileRef = 3341A9951976FA2700F680FB /* DetailViewController.m */; };
		3341A9981976FA2700F680FB /* Images.xcassets in Resources */ = {isa = PBXBuildFile; fileRef = 3341A9971976FA2700F680FB /* Images.xcassets */; };
		3341A99F1976FA2700F680FB /* XCTest.framework in Frameworks */ = {isa = PBXBuildFile; fileRef = 3341A99E1976FA2700F680FB /* XCTest.framework */; };
		3341A9A01976FA2700F680FB /* Foundation.framework in Frameworks */ = {isa = PBXBuildFile; fileRef = 3341A97C1976FA2600F680FB /* Foundation.framework */; };
		3341A9A11976FA2700F680FB /* UIKit.framework in Frameworks */ = {isa = PBXBuildFile; fileRef = 3341A9801976FA2700F680FB /* UIKit.framework */; };
		3341A9A91976FA2700F680FB /* InfoPlist.strings in Resources */ = {isa = PBXBuildFile; fileRef = 3341A9A71976FA2700F680FB /* InfoPlist.strings */; };
		3341A9AB1976FA2700F680FB /* ContactListTests.m in Sources */ = {isa = PBXBuildFile; fileRef = 3341A9AA1976FA2700F680FB /* ContactListTests.m */; };
		3341A9B61976FB8500F680FB /* DataSource.m in Sources */ = {isa = PBXBuildFile; fileRef = 3341A9B51976FB8500F680FB /* DataSource.m */; };
		3341A9B81976FE1A00F680FB /* data.json in Resources */ = {isa = PBXBuildFile; fileRef = 3341A9B71976FE1A00F680FB /* data.json */; };
		3341A9BA19771B9B00F680FB /* octocat.png in Resources */ = {isa = PBXBuildFile; fileRef = 3341A9B919771B9B00F680FB /* octocat.png */; };
		33E4842A19772242004FAF4A /* NavigationController.m in Sources */ = {isa = PBXBuildFile; fileRef = 33E4842919772242004FAF4A /* NavigationController.m */; };
/* End PBXBuildFile section */

/* Begin PBXContainerItemProxy section */
		3341A9A21976FA2700F680FB /* PBXContainerItemProxy */ = {
			isa = PBXContainerItemProxy;
			containerPortal = 3341A9711976FA2600F680FB /* Project object */;
			proxyType = 1;
			remoteGlobalIDString = 3341A9781976FA2600F680FB;
			remoteInfo = ContactList;
		};
/* End PBXContainerItemProxy section */

/* Begin PBXFileReference section */
		3341A9791976FA2600F680FB /* ContactList.app */ = {isa = PBXFileReference; explicitFileType = wrapper.application; includeInIndex = 0; path = ContactList.app; sourceTree = BUILT_PRODUCTS_DIR; };
		3341A97C1976FA2600F680FB /* Foundation.framework */ = {isa = PBXFileReference; lastKnownFileType = wrapper.framework; name = Foundation.framework; path = System/Library/Frameworks/Foundation.framework; sourceTree = SDKROOT; };
		3341A97E1976FA2600F680FB /* CoreGraphics.framework */ = {isa = PBXFileReference; lastKnownFileType = wrapper.framework; name = CoreGraphics.framework; path = System/Library/Frameworks/CoreGraphics.framework; sourceTree = SDKROOT; };
		3341A9801976FA2700F680FB /* UIKit.framework */ = {isa = PBXFileReference; lastKnownFileType = wrapper.framework; name = UIKit.framework; path = System/Library/Frameworks/UIKit.framework; sourceTree = SDKROOT; };
		3341A9841976FA2700F680FB /* ContactList-Info.plist */ = {isa = PBXFileReference; lastKnownFileType = text.plist.xml; path = "ContactList-Info.plist"; sourceTree = "<group>"; };
		3341A9861976FA2700F680FB /* en */ = {isa = PBXFileReference; lastKnownFileType = text.plist.strings; name = en; path = en.lproj/InfoPlist.strings; sourceTree = "<group>"; };
		3341A9881976FA2700F680FB /* main.m */ = {isa = PBXFileReference; lastKnownFileType = sourcecode.c.objc; path = main.m; sourceTree = "<group>"; };
		3341A98A1976FA2700F680FB /* ContactList-Prefix.pch */ = {isa = PBXFileReference; lastKnownFileType = sourcecode.c.h; path = "ContactList-Prefix.pch"; sourceTree = "<group>"; };
		3341A98B1976FA2700F680FB /* AppDelegate.h */ = {isa = PBXFileReference; lastKnownFileType = sourcecode.c.h; path = AppDelegate.h; sourceTree = "<group>"; };
		3341A98C1976FA2700F680FB /* AppDelegate.m */ = {isa = PBXFileReference; lastKnownFileType = sourcecode.c.objc; path = AppDelegate.m; sourceTree = "<group>"; };
		3341A98F1976FA2700F680FB /* Base */ = {isa = PBXFileReference; lastKnownFileType = file.storyboard; name = Base; path = Base.lproj/Main.storyboard; sourceTree = "<group>"; };
		3341A9911976FA2700F680FB /* MasterViewController.h */ = {isa = PBXFileReference; lastKnownFileType = sourcecode.c.h; path = MasterViewController.h; sourceTree = "<group>"; };
		3341A9921976FA2700F680FB /* MasterViewController.m */ = {isa = PBXFileReference; lastKnownFileType = sourcecode.c.objc; path = MasterViewController.m; sourceTree = "<group>"; };
		3341A9941976FA2700F680FB /* DetailViewController.h */ = {isa = PBXFileReference; lastKnownFileType = sourcecode.c.h; path = DetailViewController.h; sourceTree = "<group>"; };
		3341A9951976FA2700F680FB /* DetailViewController.m */ = {isa = PBXFileReference; lastKnownFileType = sourcecode.c.objc; path = DetailViewController.m; sourceTree = "<group>"; };
		3341A9971976FA2700F680FB /* Images.xcassets */ = {isa = PBXFileReference; lastKnownFileType = folder.assetcatalog; path = Images.xcassets; sourceTree = "<group>"; };
		3341A99D1976FA2700F680FB /* ContactListTests.xctest */ = {isa = PBXFileReference; explicitFileType = wrapper.cfbundle; includeInIndex = 0; path = ContactListTests.xctest; sourceTree = BUILT_PRODUCTS_DIR; };
		3341A99E1976FA2700F680FB /* XCTest.framework */ = {isa = PBXFileReference; lastKnownFileType = wrapper.framework; name = XCTest.framework; path = Library/Frameworks/XCTest.framework; sourceTree = DEVELOPER_DIR; };
		3341A9A61976FA2700F680FB /* ContactListTests-Info.plist */ = {isa = PBXFileReference; lastKnownFileType = text.plist.xml; path = "ContactListTests-Info.plist"; sourceTree = "<group>"; };
		3341A9A81976FA2700F680FB /* en */ = {isa = PBXFileReference; lastKnownFileType = text.plist.strings; name = en; path = en.lproj/InfoPlist.strings; sourceTree = "<group>"; };
		3341A9AA1976FA2700F680FB /* ContactListTests.m */ = {isa = PBXFileReference; lastKnownFileType = sourcecode.c.objc; path = ContactListTests.m; sourceTree = "<group>"; };
		3341A9B41976FB8500F680FB /* DataSource.h */ = {isa = PBXFileReference; fileEncoding = 4; lastKnownFileType = sourcecode.c.h; path = DataSource.h; sourceTree = "<group>"; };
		3341A9B51976FB8500F680FB /* DataSource.m */ = {isa = PBXFileReference; fileEncoding = 4; lastKnownFileType = sourcecode.c.objc; path = DataSource.m; sourceTree = "<group>"; };
		3341A9B71976FE1A00F680FB /* data.json */ = {isa = PBXFileReference; fileEncoding = 4; lastKnownFileType = text.json; name = data.json; path = ContactList/data.json; sourceTree = "<group>"; };
		3341A9B919771B9B00F680FB /* octocat.png */ = {isa = PBXFileReference; lastKnownFileType = image.png; name = octocat.png; path = ContactList/octocat.png; sourceTree = "<group>"; };
		33E4842819772242004FAF4A /* NavigationController.h */ = {isa = PBXFileReference; fileEncoding = 4; lastKnownFileType = sourcecode.c.h; path = NavigationController.h; sourceTree = "<group>"; };
		33E4842919772242004FAF4A /* NavigationController.m */ = {isa = PBXFileReference; fileEncoding = 4; lastKnownFileType = sourcecode.c.objc; path = NavigationController.m; sourceTree = "<group>"; };
/* End PBXFileReference section */

/* Begin PBXFrameworksBuildPhase section */
		3341A9761976FA2600F680FB /* Frameworks */ = {
			isa = PBXFrameworksBuildPhase;
			buildActionMask = 2147483647;
			files = (
				3341A97F1976FA2600F680FB /* CoreGraphics.framework in Frameworks */,
				3341A9811976FA2700F680FB /* UIKit.framework in Frameworks */,
				3341A97D1976FA2600F680FB /* Foundation.framework in Frameworks */,
			);
			runOnlyForDeploymentPostprocessing = 0;
		};
		3341A99A1976FA2700F680FB /* Frameworks */ = {
			isa = PBXFrameworksBuildPhase;
			buildActionMask = 2147483647;
			files = (
				3341A99F1976FA2700F680FB /* XCTest.framework in Frameworks */,
				3341A9A11976FA2700F680FB /* UIKit.framework in Frameworks */,
				3341A9A01976FA2700F680FB /* Foundation.framework in Frameworks */,
			);
			runOnlyForDeploymentPostprocessing = 0;
		};
/* End PBXFrameworksBuildPhase section */

/* Begin PBXGroup section */
		3341A9701976FA2600F680FB = {
			isa = PBXGroup;
			children = (
				3341A9B919771B9B00F680FB /* octocat.png */,
				3341A9B71976FE1A00F680FB /* data.json */,
				3341A9821976FA2700F680FB /* ContactList */,
				3341A9A41976FA2700F680FB /* ContactListTests */,
				3341A97B1976FA2600F680FB /* Frameworks */,
				3341A97A1976FA2600F680FB /* Products */,
			);
			sourceTree = "<group>";
		};
		3341A97A1976FA2600F680FB /* Products */ = {
			isa = PBXGroup;
			children = (
				3341A9791976FA2600F680FB /* ContactList.app */,
				3341A99D1976FA2700F680FB /* ContactListTests.xctest */,
			);
			name = Products;
			sourceTree = "<group>";
		};
		3341A97B1976FA2600F680FB /* Frameworks */ = {
			isa = PBXGroup;
			children = (
				3341A97C1976FA2600F680FB /* Foundation.framework */,
				3341A97E1976FA2600F680FB /* CoreGraphics.framework */,
				3341A9801976FA2700F680FB /* UIKit.framework */,
				3341A99E1976FA2700F680FB /* XCTest.framework */,
			);
			name = Frameworks;
			sourceTree = "<group>";
		};
		3341A9821976FA2700F680FB /* ContactList */ = {
			isa = PBXGroup;
			children = (
				3341A98B1976FA2700F680FB /* AppDelegate.h */,
				3341A98C1976FA2700F680FB /* AppDelegate.m */,
				3341A98E1976FA2700F680FB /* Main.storyboard */,
				33E4842819772242004FAF4A /* NavigationController.h */,
				33E4842919772242004FAF4A /* NavigationController.m */,
				3341A9911976FA2700F680FB /* MasterViewController.h */,
				3341A9921976FA2700F680FB /* MasterViewController.m */,
				3341A9B41976FB8500F680FB /* DataSource.h */,
				3341A9B51976FB8500F680FB /* DataSource.m */,
				3341A9941976FA2700F680FB /* DetailViewController.h */,
				3341A9951976FA2700F680FB /* DetailViewController.m */,
				3341A9971976FA2700F680FB /* Images.xcassets */,
				3341A9831976FA2700F680FB /* Supporting Files */,
			);
			path = ContactList;
			sourceTree = "<group>";
		};
		3341A9831976FA2700F680FB /* Supporting Files */ = {
			isa = PBXGroup;
			children = (
				3341A9841976FA2700F680FB /* ContactList-Info.plist */,
				3341A9851976FA2700F680FB /* InfoPlist.strings */,
				3341A9881976FA2700F680FB /* main.m */,
				3341A98A1976FA2700F680FB /* ContactList-Prefix.pch */,
			);
			name = "Supporting Files";
			sourceTree = "<group>";
		};
		3341A9A41976FA2700F680FB /* ContactListTests */ = {
			isa = PBXGroup;
			children = (
				3341A9AA1976FA2700F680FB /* ContactListTests.m */,
				3341A9A51976FA2700F680FB /* Supporting Files */,
			);
			path = ContactListTests;
			sourceTree = "<group>";
		};
		3341A9A51976FA2700F680FB /* Supporting Files */ = {
			isa = PBXGroup;
			children = (
				3341A9A61976FA2700F680FB /* ContactListTests-Info.plist */,
				3341A9A71976FA2700F680FB /* InfoPlist.strings */,
			);
			name = "Supporting Files";
			sourceTree = "<group>";
		};
/* End PBXGroup section */

/* Begin PBXNativeTarget section */
		3341A9781976FA2600F680FB /* ContactList */ = {
			isa = PBXNativeTarget;
			buildConfigurationList = 3341A9AE1976FA2700F680FB /* Build configuration list for PBXNativeTarget "ContactList" */;
			buildPhases = (
				3341A9751976FA2600F680FB /* Sources */,
				3341A9761976FA2600F680FB /* Frameworks */,
				3341A9771976FA2600F680FB /* Resources */,
			);
			buildRules = (
			);
			dependencies = (
			);
			name = ContactList;
			productName = ContactList;
			productReference = 3341A9791976FA2600F680FB /* ContactList.app */;
			productType = "com.apple.product-type.application";
		};
		3341A99C1976FA2700F680FB /* ContactListTests */ = {
			isa = PBXNativeTarget;
			buildConfigurationList = 3341A9B11976FA2700F680FB /* Build configuration list for PBXNativeTarget "ContactListTests" */;
			buildPhases = (
				3341A9991976FA2700F680FB /* Sources */,
				3341A99A1976FA2700F680FB /* Frameworks */,
				3341A99B1976FA2700F680FB /* Resources */,
			);
			buildRules = (
			);
			dependencies = (
				3341A9A31976FA2700F680FB /* PBXTargetDependency */,
			);
			name = ContactListTests;
			productName = ContactListTests;
			productReference = 3341A99D1976FA2700F680FB /* ContactListTests.xctest */;
			productType = "com.apple.product-type.bundle.unit-test";
		};
/* End PBXNativeTarget section */

/* Begin PBXProject section */
		3341A9711976FA2600F680FB /* Project object */ = {
			isa = PBXProject;
			attributes = {
				LastUpgradeCheck = 0510;
				ORGANIZATIONNAME = "Joshua Spicer, Fabio Germann";
				TargetAttributes = {
					3341A9781976FA2600F680FB = {
						DevelopmentTeam = 8A8BD9UQUB;
					};
					3341A99C1976FA2700F680FB = {
						TestTargetID = 3341A9781976FA2600F680FB;
					};
				};
			};
			buildConfigurationList = 3341A9741976FA2600F680FB /* Build configuration list for PBXProject "ContactList" */;
			compatibilityVersion = "Xcode 3.2";
			developmentRegion = English;
			hasScannedForEncodings = 0;
			knownRegions = (
				en,
				Base,
			);
			mainGroup = 3341A9701976FA2600F680FB;
			productRefGroup = 3341A97A1976FA2600F680FB /* Products */;
			projectDirPath = "";
			projectRoot = "";
			targets = (
				3341A9781976FA2600F680FB /* ContactList */,
				3341A99C1976FA2700F680FB /* ContactListTests */,
			);
		};
/* End PBXProject section */

/* Begin PBXResourcesBuildPhase section */
		3341A9771976FA2600F680FB /* Resources */ = {
			isa = PBXResourcesBuildPhase;
			buildActionMask = 2147483647;
			files = (
				3341A9981976FA2700F680FB /* Images.xcassets in Resources */,
				3341A9871976FA2700F680FB /* InfoPlist.strings in Resources */,
				3341A9901976FA2700F680FB /* Main.storyboard in Resources */,
				3341A9B81976FE1A00F680FB /* data.json in Resources */,
				3341A9BA19771B9B00F680FB /* octocat.png in Resources */,
			);
			runOnlyForDeploymentPostprocessing = 0;
		};
		3341A99B1976FA2700F680FB /* Resources */ = {
			isa = PBXResourcesBuildPhase;
			buildActionMask = 2147483647;
			files = (
				3341A9A91976FA2700F680FB /* InfoPlist.strings in Resources */,
			);
			runOnlyForDeploymentPostprocessing = 0;
		};
/* End PBXResourcesBuildPhase section */

/* Begin PBXSourcesBuildPhase section */
		3341A9751976FA2600F680FB /* Sources */ = {
			isa = PBXSourcesBuildPhase;
			buildActionMask = 2147483647;
			files = (
				3341A98D1976FA2700F680FB /* AppDelegate.m in Sources */,
				3341A9B61976FB8500F680FB /* DataSource.m in Sources */,
				3341A9931976FA2700F680FB /* MasterViewController.m in Sources */,
				33E4842A19772242004FAF4A /* NavigationController.m in Sources */,
				3341A9891976FA2700F680FB /* main.m in Sources */,
				3341A9961976FA2700F680FB /* DetailViewController.m in Sources */,
			);
			runOnlyForDeploymentPostprocessing = 0;
		};
		3341A9991976FA2700F680FB /* Sources */ = {
			isa = PBXSourcesBuildPhase;
			buildActionMask = 2147483647;
			files = (
				3341A9AB1976FA2700F680FB /* ContactListTests.m in Sources */,
			);
			runOnlyForDeploymentPostprocessing = 0;
		};
/* End PBXSourcesBuildPhase section */

/* Begin PBXTargetDependency section */
		3341A9A31976FA2700F680FB /* PBXTargetDependency */ = {
			isa = PBXTargetDependency;
			target = 3341A9781976FA2600F680FB /* ContactList */;
			targetProxy = 3341A9A21976FA2700F680FB /* PBXContainerItemProxy */;
		};
/* End PBXTargetDependency section */

/* Begin PBXVariantGroup section */
		3341A9851976FA2700F680FB /* InfoPlist.strings */ = {
			isa = PBXVariantGroup;
			children = (
				3341A9861976FA2700F680FB /* en */,
			);
			name = InfoPlist.strings;
			sourceTree = "<group>";
		};
		3341A98E1976FA2700F680FB /* Main.storyboard */ = {
			isa = PBXVariantGroup;
			children = (
				3341A98F1976FA2700F680FB /* Base */,
			);
			name = Main.storyboard;
			sourceTree = "<group>";
		};
		3341A9A71976FA2700F680FB /* InfoPlist.strings */ = {
			isa = PBXVariantGroup;
			children = (
				3341A9A81976FA2700F680FB /* en */,
			);
			name = InfoPlist.strings;
			sourceTree = "<group>";
		};
/* End PBXVariantGroup section */

/* Begin XCBuildConfiguration section */
		3341A9AC1976FA2700F680FB /* Debug */ = {
			isa = XCBuildConfiguration;
			buildSettings = {
				ALWAYS_SEARCH_USER_PATHS = NO;
				CLANG_CXX_LANGUAGE_STANDARD = "gnu++0x";
				CLANG_CXX_LIBRARY = "libc++";
				CLANG_ENABLE_MODULES = YES;
				CLANG_ENABLE_OBJC_ARC = YES;
				CLANG_WARN_BOOL_CONVERSION = YES;
				CLANG_WARN_CONSTANT_CONVERSION = YES;
				CLANG_WARN_DIRECT_OBJC_ISA_USAGE = YES_ERROR;
				CLANG_WARN_EMPTY_BODY = YES;
				CLANG_WARN_ENUM_CONVERSION = YES;
				CLANG_WARN_INT_CONVERSION = YES;
				CLANG_WARN_OBJC_ROOT_CLASS = YES_ERROR;
				CLANG_WARN__DUPLICATE_METHOD_MATCH = YES;
				"CODE_SIGN_IDENTITY[sdk=iphoneos*]" = "iPhone Developer";
				COPY_PHASE_STRIP = NO;
				GCC_C_LANGUAGE_STANDARD = gnu99;
				GCC_DYNAMIC_NO_PIC = NO;
				GCC_OPTIMIZATION_LEVEL = 0;
				GCC_PREPROCESSOR_DEFINITIONS = (
					"DEBUG=1",
					"$(inherited)",
				);
				GCC_SYMBOLS_PRIVATE_EXTERN = NO;
				GCC_WARN_64_TO_32_BIT_CONVERSION = YES;
				GCC_WARN_ABOUT_RETURN_TYPE = YES_ERROR;
				GCC_WARN_UNDECLARED_SELECTOR = YES;
				GCC_WARN_UNINITIALIZED_AUTOS = YES_AGGRESSIVE;
				GCC_WARN_UNUSED_FUNCTION = YES;
				GCC_WARN_UNUSED_VARIABLE = YES;
				IPHONEOS_DEPLOYMENT_TARGET = 7.1;
				ONLY_ACTIVE_ARCH = YES;
				SDKROOT = iphoneos;
			};
			name = Debug;
		};
		3341A9AD1976FA2700F680FB /* Release */ = {
			isa = XCBuildConfiguration;
			buildSettings = {
				ALWAYS_SEARCH_USER_PATHS = NO;
				CLANG_CXX_LANGUAGE_STANDARD = "gnu++0x";
				CLANG_CXX_LIBRARY = "libc++";
				CLANG_ENABLE_MODULES = YES;
				CLANG_ENABLE_OBJC_ARC = YES;
				CLANG_WARN_BOOL_CONVERSION = YES;
				CLANG_WARN_CONSTANT_CONVERSION = YES;
				CLANG_WARN_DIRECT_OBJC_ISA_USAGE = YES_ERROR;
				CLANG_WARN_EMPTY_BODY = YES;
				CLANG_WARN_ENUM_CONVERSION = YES;
				CLANG_WARN_INT_CONVERSION = YES;
				CLANG_WARN_OBJC_ROOT_CLASS = YES_ERROR;
				CLANG_WARN__DUPLICATE_METHOD_MATCH = YES;
				"CODE_SIGN_IDENTITY[sdk=iphoneos*]" = "iPhone Developer";
				COPY_PHASE_STRIP = YES;
				ENABLE_NS_ASSERTIONS = NO;
				GCC_C_LANGUAGE_STANDARD = gnu99;
				GCC_WARN_64_TO_32_BIT_CONVERSION = YES;
				GCC_WARN_ABOUT_RETURN_TYPE = YES_ERROR;
				GCC_WARN_UNDECLARED_SELECTOR = YES;
				GCC_WARN_UNINITIALIZED_AUTOS = YES_AGGRESSIVE;
				GCC_WARN_UNUSED_FUNCTION = YES;
				GCC_WARN_UNUSED_VARIABLE = YES;
				IPHONEOS_DEPLOYMENT_TARGET = 7.1;
				SDKROOT = iphoneos;
				VALIDATE_PRODUCT = YES;
			};
			name = Release;
		};
		3341A9AF1976FA2700F680FB /* Debug */ = {
			isa = XCBuildConfiguration;
			buildSettings = {
				ASSETCATALOG_COMPILER_APPICON_NAME = AppIcon;
				ASSETCATALOG_COMPILER_LAUNCHIMAGE_NAME = LaunchImage;
				CODE_SIGN_IDENTITY = "iPhone Developer";
				"CODE_SIGN_IDENTITY[sdk=iphoneos*]" = "iPhone Developer";
				GCC_PRECOMPILE_PREFIX_HEADER = YES;
				GCC_PREFIX_HEADER = "ContactList/ContactList-Prefix.pch";
				INFOPLIST_FILE = "ContactList/ContactList-Info.plist";
				PRODUCT_NAME = "$(TARGET_NAME)";
				PROVISIONING_PROFILE = "";
				WRAPPER_EXTENSION = app;
			};
			name = Debug;
		};
		3341A9B01976FA2700F680FB /* Release */ = {
			isa = XCBuildConfiguration;
			buildSettings = {
				ASSETCATALOG_COMPILER_APPICON_NAME = AppIcon;
				ASSETCATALOG_COMPILER_LAUNCHIMAGE_NAME = LaunchImage;
				CODE_SIGN_IDENTITY = "iPhone Developer";
				"CODE_SIGN_IDENTITY[sdk=iphoneos*]" = "iPhone Developer";
				GCC_PRECOMPILE_PREFIX_HEADER = YES;
				GCC_PREFIX_HEADER = "ContactList/ContactList-Prefix.pch";
				INFOPLIST_FILE = "ContactList/ContactList-Info.plist";
				PRODUCT_NAME = "$(TARGET_NAME)";
				PROVISIONING_PROFILE = "";
				WRAPPER_EXTENSION = app;
			};
			name = Release;
		};
		3341A9B21976FA2700F680FB /* Debug */ = {
			isa = XCBuildConfiguration;
			buildSettings = {
				BUNDLE_LOADER = "$(BUILT_PRODUCTS_DIR)/ContactList.app/ContactList";
				FRAMEWORK_SEARCH_PATHS = (
					"$(SDKROOT)/Developer/Library/Frameworks",
					"$(inherited)",
					"$(DEVELOPER_FRAMEWORKS_DIR)",
				);
				GCC_PRECOMPILE_PREFIX_HEADER = YES;
				GCC_PREFIX_HEADER = "ContactList/ContactList-Prefix.pch";
				GCC_PREPROCESSOR_DEFINITIONS = (
					"DEBUG=1",
					"$(inherited)",
				);
				INFOPLIST_FILE = "ContactListTests/ContactListTests-Info.plist";
				PRODUCT_NAME = "$(TARGET_NAME)";
				TEST_HOST = "$(BUNDLE_LOADER)";
				WRAPPER_EXTENSION = xctest;
			};
			name = Debug;
		};
		3341A9B31976FA2700F680FB /* Release */ = {
			isa = XCBuildConfiguration;
			buildSettings = {
				BUNDLE_LOADER = "$(BUILT_PRODUCTS_DIR)/ContactList.app/ContactList";
				FRAMEWORK_SEARCH_PATHS = (
					"$(SDKROOT)/Developer/Library/Frameworks",
					"$(inherited)",
					"$(DEVELOPER_FRAMEWORKS_DIR)",
				);
				GCC_PRECOMPILE_PREFIX_HEADER = YES;
				GCC_PREFIX_HEADER = "ContactList/ContactList-Prefix.pch";
				INFOPLIST_FILE = "ContactListTests/ContactListTests-Info.plist";
				PRODUCT_NAME = "$(TARGET_NAME)";
				TEST_HOST = "$(BUNDLE_LOADER)";
				WRAPPER_EXTENSION = xctest;
			};
			name = Release;
		};
/* End XCBuildConfiguration section */

/* Begin XCConfigurationList section */
		3341A9741976FA2600F680FB /* Build configuration list for PBXProject "ContactList" */ = {
			isa = XCConfigurationList;
			buildConfigurations = (
				3341A9AC1976FA2700F680FB /* Debug */,
				3341A9AD1976FA2700F680FB /* Release */,
			);
			defaultConfigurationIsVisible = 0;
			defaultConfigurationName = Release;
		};
		3341A9AE1976FA2700F680FB /* Build configuration list for PBXNativeTarget "ContactList" */ = {
			isa = XCConfigurationList;
			buildConfigurations = (
				3341A9AF1976FA2700F680FB /* Debug */,
				3341A9B01976FA2700F680FB /* Release */,
			);
			defaultConfigurationIsVisible = 0;
			defaultConfigurationName = Release;
		};
		3341A9B11976FA2700F680FB /* Build configuration list for PBXNativeTarget "ContactListTests" */ = {
			isa = XCConfigurationList;
			buildConfigurations = (
				3341A9B21976FA2700F680FB /* Debug */,
				3341A9B31976FA2700F680FB /* Release */,
			);
			defaultConfigurationIsVisible = 0;
			defaultConfigurationName = Release;
		};
/* End XCConfigurationList section */
	};
	rootObject = 3341A9711976FA2600F680FB /* Project object */;
}
